
Microsoft Visual Studio Solution File, Format Version 12.00
# Visual Studio Version 17
VisualStudioVersion = 17.1.32328.378
MinimumVisualStudioVersion = 10.0.40219.1
Project("{FAE04EC0-301F-11D3-BF4B-00C04F79EFBC}") = "WpfApp1", "WpfApp1.csproj", "{769FCD86-B47A-4C38-AABE-24D19BBA576F}"
EndProject
Global
	GlobalSection(SolutionConfigurationPlatforms) = preSolution
		Debug|Any CPU = Debug|Any CPU
		Release|Any CPU = Release|Any CPU
	EndGlobalSection
	GlobalSection(ProjectConfigurationPlatforms) = postSolution
		{769FCD86-B47A-4C38-AABE-24D19BBA576F}.Debug|Any CPU.ActiveCfg = Debug|Any CPU
		{769FCD86-B47A-4C38-AABE-24D19BBA576F}.Debug|Any CPU.Build.0 = Debug|Any CPU
		{769FCD86-B47A-4C38-AABE-24D19BBA576F}.Release|Any CPU.ActiveCfg = Release|Any CPU
		{769FCD86-B47A-4C38-AABE-24D19BBA576F}.Release|Any CPU.Build.0 = Release|Any CPU
	EndGlobalSection
	GlobalSection(SolutionProperties) = preSolution
		HideSolutionNode = FALSE
	EndGlobalSection
	GlobalSection(ExtensibilityGlobals) = postSolution
		SolutionGuid = {8479C42C-1C8F-4247-832B-B1519A21ED32}
	EndGlobalSection
EndGlobal
